
Microsoft Visual Studio Solution File, Format Version 12.00
# Visual Studio 14
VisualStudioVersion = 14.0.25123.0
MinimumVisualStudioVersion = 10.0.40219.1
Project("{FAE04EC0-301F-11D3-BF4B-00C04F79EFBC}") = "Cyz IDE", "Cyz IDE\Cyz IDE.csproj", "{E61DD197-D78D-4642-B2C7-27D564AE939E}"
EndProject
Global
	GlobalSection(SolutionConfigurationPlatforms) = preSolution
		Debug|Any CPU = Debug|Any CPU
		Release|Any CPU = Release|Any CPU
	EndGlobalSection
	GlobalSection(ProjectConfigurationPlatforms) = postSolution
		{E61DD197-D78D-4642-B2C7-27D564AE939E}.Debug|Any CPU.ActiveCfg = Debug|Any CPU
		{E61DD197-D78D-4642-B2C7-27D564AE939E}.Debug|Any CPU.Build.0 = Debug|Any CPU
		{E61DD197-D78D-4642-B2C7-27D564AE939E}.Release|Any CPU.ActiveCfg = Release|Any CPU
		{E61DD197-D78D-4642-B2C7-27D564AE939E}.Release|Any CPU.Build.0 = Release|Any CPU
	EndGlobalSection
	GlobalSection(SolutionProperties) = preSolution
		HideSolutionNode = FALSE
	EndGlobalSection
EndGlobal
